<?xml version="1.0" encoding="utf-8"?>
<Project ToolsVersion="4.0" xmlns="http://schemas.microsoft.com/developer/msbuild/2003">
  <ItemGroup>
    <Filter Include="Layer">
      <UniqueIdentifier>{6287950D-CE9B-BDBE-971D-611E03F1B9EF}</UniqueIdentifier>
    </Filter>
    <Filter Include="State">
      <UniqueIdentifier>{E6391E0E-524E-46BF-1BD0-E91E87A342F0}</UniqueIdentifier>
    </Filter>
  </ItemGroup>
  <ItemGroup>
    <ClInclude Include="src\State\MenuState.h">
      <Filter>State</Filter>
    </ClInclude>
  </ItemGroup>
  <ItemGroup>
    <ClCompile Include="src\Main.cpp" />
    <ClCompile Include="src\State\MenuState.cpp">
      <Filter>State</Filter>
    </ClCompile>
  </ItemGroup>
  <ItemGroup>
    <Xml Include="Resources\Data\MenuText.data" />
  </ItemGroup>
</Project>