<?xml version="1.0" encoding="utf-8"?>
<Project ToolsVersion="4.0" xmlns="http://schemas.microsoft.com/developer/msbuild/2003">
  <ItemGroup>
    <Filter Include="src">
      <UniqueIdentifier>{2DAB880B-99B4-887C-2230-9F7C8E38947C}</UniqueIdentifier>
    </Filter>
    <Filter Include="src\Koko">
      <UniqueIdentifier>{D03521CF-BC02-7CDA-E51B-6A82D147B168}</UniqueIdentifier>
    </Filter>
    <Filter Include="src\Koko\Entity">
      <UniqueIdentifier>{1C987DC1-8823-EB85-9134-6E7AFD3E4786}</UniqueIdentifier>
    </Filter>
    <Filter Include="src\Koko\Event">
      <UniqueIdentifier>{21D38BB0-0DA1-7FB6-F634-F0DCE2A15B1B}</UniqueIdentifier>
    </Filter>
    <Filter Include="src\Koko\Layer">
      <UniqueIdentifier>{9C4EFFB0-881C-F3B6-71B0-63DD5D1DCF1B}</UniqueIdentifier>
    </Filter>
    <Filter Include="src\Koko\Mesh">
      <UniqueIdentifier>{8CCDD9F5-F88D-552C-C1C8-9EA92D489A08}</UniqueIdentifier>
    </Filter>
    <Filter Include="src\Koko\Renderer">
      <UniqueIdentifier>{76036E53-E219-6CE9-2B91-F70A97E63C71}</UniqueIdentifier>
    </Filter>
    <Filter Include="src\Koko\Shader">
      <UniqueIdentifier>{76BBAEE1-E246-1CA6-EB57-9F9A576278A6}</UniqueIdentifier>
    </Filter>
    <Filter Include="src\Koko\State">
      <UniqueIdentifier>{200188B1-0CCF-7BB7-F562-ECDDE1CF571C}</UniqueIdentifier>
    </Filter>
    <Filter Include="src\Koko\UI">
      <UniqueIdentifier>{FDF603A5-69AC-7C9A-F2A0-76715E55739E}</UniqueIdentifier>
    </Filter>
    <Filter Include="src\Koko\Utility">
      <UniqueIdentifier>{13C40DCE-FFBC-2C20-28EF-11A514470C2C}</UniqueIdentifier>
    </Filter>
    <Filter Include="src\Platform">
      <UniqueIdentifier>{21CA02E5-0D2D-9289-B6B2-CA3FA2F45D0C}</UniqueIdentifier>
    </Filter>
    <Filter Include="src\Platform\Windows">
      <UniqueIdentifier>{5B054582-4794-CE4B-F0B2-E246DC20DFF1}</UniqueIdentifier>
    </Filter>
    <Filter Include="vendor">
      <UniqueIdentifier>{B3738122-9F15-ACF8-88D0-BF4C74113349}</UniqueIdentifier>
    </Filter>
    <Filter Include="vendor\GLM">
      <UniqueIdentifier>{2213C5A8-0ECB-06F6-77D2-DF5163A9A1E6}</UniqueIdentifier>
    </Filter>
    <Filter Include="vendor\GLM\GLM">
      <UniqueIdentifier>{11D298DD-FD9F-8CE3-E633-FD09D2A06848}</UniqueIdentifier>
    </Filter>
    <Filter Include="vendor\GLM\GLM\detail">
      <UniqueIdentifier>{B3AC3166-1F19-ED60-E80C-85BE54380FC9}</UniqueIdentifier>
    </Filter>
    <Filter Include="vendor\GLM\GLM\ext">
      <UniqueIdentifier>{F1F500C3-DDD9-C118-463A-BC6B323DAC9A}</UniqueIdentifier>
    </Filter>
    <Filter Include="vendor\GLM\GLM\gtc">
      <UniqueIdentifier>{DEFD00C3-CAE1-C118-3342-BC6B1F45AC9A}</UniqueIdentifier>
    </Filter>
    <Filter Include="vendor\GLM\GLM\gtx">
      <UniqueIdentifier>{F3FD00C3-DFE1-C118-4842-BC6B3445AC9A}</UniqueIdentifier>
    </Filter>
  </ItemGroup>
  <ItemGroup>
    <ClInclude Include="src\Koko.h">
      <Filter>src</Filter>
    </ClInclude>
    <ClInclude Include="src\Koko\Application.h">
      <Filter>src\Koko</Filter>
    </ClInclude>
    <ClInclude Include="src\Koko\Core.h">
      <Filter>src\Koko</Filter>
    </ClInclude>
    <ClInclude Include="src\Koko\Entity\Entity.h">
      <Filter>src\Koko\Entity</Filter>
    </ClInclude>
    <ClInclude Include="src\Koko\Entity\EntityComponent.h">
      <Filter>src\Koko\Entity</Filter>
    </ClInclude>
    <ClInclude Include="src\Koko\Entity\EntityDirector.h">
      <Filter>src\Koko\Entity</Filter>
    </ClInclude>
    <ClInclude Include="src\Koko\Event\Action.h">
      <Filter>src\Koko\Event</Filter>
    </ClInclude>
    <ClInclude Include="src\Koko\Event\ApplicationEvent.h">
      <Filter>src\Koko\Event</Filter>
    </ClInclude>
    <ClInclude Include="src\Koko\Event\Event.h">
      <Filter>src\Koko\Event</Filter>
    </ClInclude>
    <ClInclude Include="src\Koko\Event\KeyEvent.h">
      <Filter>src\Koko\Event</Filter>
    </ClInclude>
    <ClInclude Include="src\Koko\Event\MouseEvent.h">
      <Filter>src\Koko\Event</Filter>
    </ClInclude>
    <ClInclude Include="src\Koko\Input.h">
      <Filter>src\Koko</Filter>
    </ClInclude>
    <ClInclude Include="src\Koko\Layer\Layer.h">
      <Filter>src\Koko\Layer</Filter>
    </ClInclude>
    <ClInclude Include="src\Koko\Layer\LayerBuilder.h">
      <Filter>src\Koko\Layer</Filter>
    </ClInclude>
    <ClInclude Include="src\Koko\Layer\LayerDirector.h">
      <Filter>src\Koko\Layer</Filter>
    </ClInclude>
    <ClInclude Include="src\Koko\Mesh\IndexBuffer.h">
      <Filter>src\Koko\Mesh</Filter>
    </ClInclude>
    <ClInclude Include="src\Koko\Mesh\Mesh.h">
      <Filter>src\Koko\Mesh</Filter>
    </ClInclude>
    <ClInclude Include="src\Koko\Mesh\Texture.h">
      <Filter>src\Koko\Mesh</Filter>
    </ClInclude>
    <ClInclude Include="src\Koko\Mesh\VertexArray.h">
      <Filter>src\Koko\Mesh</Filter>
    </ClInclude>
    <ClInclude Include="src\Koko\Mesh\VertexBuffer.h">
      <Filter>src\Koko\Mesh</Filter>
    </ClInclude>
    <ClInclude Include="src\Koko\Mesh\VertexBufferLayout.h">
      <Filter>src\Koko\Mesh</Filter>
    </ClInclude>
    <ClInclude Include="src\Koko\Mesh\stb_image.h">
      <Filter>src\Koko\Mesh</Filter>
    </ClInclude>
    <ClInclude Include="src\Koko\Renderer\Renderer.h">
      <Filter>src\Koko\Renderer</Filter>
    </ClInclude>
    <ClInclude Include="src\Koko\Shader\ShaderBase.h">
      <Filter>src\Koko\Shader</Filter>
    </ClInclude>
    <ClInclude Include="src\Koko\Shader\ShaderManager.h">
      <Filter>src\Koko\Shader</Filter>
    </ClInclude>
    <ClInclude Include="src\Koko\Shader\ShaderProgram.h">
      <Filter>src\Koko\Shader</Filter>
    </ClInclude>
    <ClInclude Include="src\Koko\State\State.h">
      <Filter>src\Koko\State</Filter>
    </ClInclude>
    <ClInclude Include="src\Koko\UI\UIDropdown.h">
      <Filter>src\Koko\UI</Filter>
    </ClInclude>
    <ClInclude Include="src\Koko\UI\UIEntity.h">
      <Filter>src\Koko\UI</Filter>
    </ClInclude>
    <ClInclude Include="src\Koko\Utility\Builder.h">
      <Filter>src\Koko\Utility</Filter>
    </ClInclude>
    <ClInclude Include="src\Koko\Utility\FileProgram.h">
      <Filter>src\Koko\Utility</Filter>
    </ClInclude>
    <ClInclude Include="src\Koko\Utility\Node.h">
      <Filter>src\Koko\Utility</Filter>
    </ClInclude>
    <ClInclude Include="src\Koko\Utility\Stack.h">
      <Filter>src\Koko\Utility</Filter>
    </ClInclude>
    <ClInclude Include="src\Koko\Utility\XMLReader.h">
      <Filter>src\Koko\Utility</Filter>
    </ClInclude>
    <ClInclude Include="src\Koko\Window.h">
      <Filter>src\Koko</Filter>
    </ClInclude>
    <ClInclude Include="src\Platform\Windows\WindowsWindow.h">
      <Filter>src\Platform\Windows</Filter>
    </ClInclude>
    <ClInclude Include="src\kkpch.h">
      <Filter>src</Filter>
    </ClInclude>
    <ClInclude Include="vendor\GLM\GLM\common.hpp">
      <Filter>vendor\GLM\GLM</Filter>
    </ClInclude>
    <ClInclude Include="vendor\GLM\GLM\detail\_features.hpp">
      <Filter>vendor\GLM\GLM\detail</Filter>
    </ClInclude>
    <ClInclude Include="vendor\GLM\GLM\detail\_fixes.hpp">
      <Filter>vendor\GLM\GLM\detail</Filter>
    </ClInclude>
    <ClInclude Include="vendor\GLM\GLM\detail\_noise.hpp">
      <Filter>vendor\GLM\GLM\detail</Filter>
    </ClInclude>
    <ClInclude Include="vendor\GLM\GLM\detail\_swizzle.hpp">
      <Filter>vendor\GLM\GLM\detail</Filter>
    </ClInclude>
    <ClInclude Include="vendor\GLM\GLM\detail\_swizzle_func.hpp">
      <Filter>vendor\GLM\GLM\detail</Filter>
    </ClInclude>
    <ClInclude Include="vendor\GLM\GLM\detail\_vectorize.hpp">
      <Filter>vendor\GLM\GLM\detail</Filter>
    </ClInclude>
    <ClInclude Include="vendor\GLM\GLM\detail\compute_vector_relational.hpp">
      <Filter>vendor\GLM\GLM\detail</Filter>
    </ClInclude>
    <ClInclude Include="vendor\GLM\GLM\detail\func_common.inl">
      <Filter>vendor\GLM\GLM\detail</Filter>
    </ClInclude>
    <ClInclude Include="vendor\GLM\GLM\detail\func_common_simd.inl">
      <Filter>vendor\GLM\GLM\detail</Filter>
    </ClInclude>
    <ClInclude Include="vendor\GLM\GLM\detail\func_exponential.inl">
      <Filter>vendor\GLM\GLM\detail</Filter>
    </ClInclude>
    <ClInclude Include="vendor\GLM\GLM\detail\func_exponential_simd.inl">
      <Filter>vendor\GLM\GLM\detail</Filter>
    </ClInclude>
    <ClInclude Include="vendor\GLM\GLM\detail\func_geometric.inl">
      <Filter>vendor\GLM\GLM\detail</Filter>
    </ClInclude>
    <ClInclude Include="vendor\GLM\GLM\detail\func_geometric_simd.inl">
      <Filter>vendor\GLM\GLM\detail</Filter>
    </ClInclude>
    <ClInclude Include="vendor\GLM\GLM\detail\func_integer.inl">
      <Filter>vendor\GLM\GLM\detail</Filter>
    </ClInclude>
    <ClInclude Include="vendor\GLM\GLM\detail\func_integer_simd.inl">
      <Filter>vendor\GLM\GLM\detail</Filter>
    </ClInclude>
    <ClInclude Include="vendor\GLM\GLM\detail\func_matrix.inl">
      <Filter>vendor\GLM\GLM\detail</Filter>
    </ClInclude>
    <ClInclude Include="vendor\GLM\GLM\detail\func_matrix_simd.inl">
      <Filter>vendor\GLM\GLM\detail</Filter>
    </ClInclude>
    <ClInclude Include="vendor\GLM\GLM\detail\func_packing.inl">
      <Filter>vendor\GLM\GLM\detail</Filter>
    </ClInclude>
    <ClInclude Include="vendor\GLM\GLM\detail\func_packing_simd.inl">
      <Filter>vendor\GLM\GLM\detail</Filter>
    </ClInclude>
    <ClInclude Include="vendor\GLM\GLM\detail\func_trigonometric.inl">
      <Filter>vendor\GLM\GLM\detail</Filter>
    </ClInclude>
    <ClInclude Include="vendor\GLM\GLM\detail\func_trigonometric_simd.inl">
      <Filter>vendor\GLM\GLM\detail</Filter>
    </ClInclude>
    <ClInclude Include="vendor\GLM\GLM\detail\func_vector_relational.inl">
      <Filter>vendor\GLM\GLM\detail</Filter>
    </ClInclude>
    <ClInclude Include="vendor\GLM\GLM\detail\func_vector_relational_simd.inl">
      <Filter>vendor\GLM\GLM\detail</Filter>
    </ClInclude>
    <ClInclude Include="vendor\GLM\GLM\detail\qualifier.hpp">
      <Filter>vendor\GLM\GLM\detail</Filter>
    </ClInclude>
    <ClInclude Include="vendor\GLM\GLM\detail\setup.hpp">
      <Filter>vendor\GLM\GLM\detail</Filter>
    </ClInclude>
    <ClInclude Include="vendor\GLM\GLM\detail\type_float.hpp">
      <Filter>vendor\GLM\GLM\detail</Filter>
    </ClInclude>
    <ClInclude Include="vendor\GLM\GLM\detail\type_gentype.hpp">
      <Filter>vendor\GLM\GLM\detail</Filter>
    </ClInclude>
    <ClInclude Include="vendor\GLM\GLM\detail\type_gentype.inl">
      <Filter>vendor\GLM\GLM\detail</Filter>
    </ClInclude>
    <ClInclude Include="vendor\GLM\GLM\detail\type_half.hpp">
      <Filter>vendor\GLM\GLM\detail</Filter>
    </ClInclude>
    <ClInclude Include="vendor\GLM\GLM\detail\type_half.inl">
      <Filter>vendor\GLM\GLM\detail</Filter>
    </ClInclude>
    <ClInclude Include="vendor\GLM\GLM\detail\type_int.hpp">
      <Filter>vendor\GLM\GLM\detail</Filter>
    </ClInclude>
    <ClInclude Include="vendor\GLM\GLM\detail\type_mat.hpp">
      <Filter>vendor\GLM\GLM\detail</Filter>
    </ClInclude>
    <ClInclude Include="vendor\GLM\GLM\detail\type_mat.inl">
      <Filter>vendor\GLM\GLM\detail</Filter>
    </ClInclude>
    <ClInclude Include="vendor\GLM\GLM\detail\type_mat2x2.hpp">
      <Filter>vendor\GLM\GLM\detail</Filter>
    </ClInclude>
    <ClInclude Include="vendor\GLM\GLM\detail\type_mat2x2.inl">
      <Filter>vendor\GLM\GLM\detail</Filter>
    </ClInclude>
    <ClInclude Include="vendor\GLM\GLM\detail\type_mat2x3.hpp">
      <Filter>vendor\GLM\GLM\detail</Filter>
    </ClInclude>
    <ClInclude Include="vendor\GLM\GLM\detail\type_mat2x3.inl">
      <Filter>vendor\GLM\GLM\detail</Filter>
    </ClInclude>
    <ClInclude Include="vendor\GLM\GLM\detail\type_mat2x4.hpp">
      <Filter>vendor\GLM\GLM\detail</Filter>
    </ClInclude>
    <ClInclude Include="vendor\GLM\GLM\detail\type_mat2x4.inl">
      <Filter>vendor\GLM\GLM\detail</Filter>
    </ClInclude>
    <ClInclude Include="vendor\GLM\GLM\detail\type_mat3x2.hpp">
      <Filter>vendor\GLM\GLM\detail</Filter>
    </ClInclude>
    <ClInclude Include="vendor\GLM\GLM\detail\type_mat3x2.inl">
      <Filter>vendor\GLM\GLM\detail</Filter>
    </ClInclude>
    <ClInclude Include="vendor\GLM\GLM\detail\type_mat3x3.hpp">
      <Filter>vendor\GLM\GLM\detail</Filter>
    </ClInclude>
    <ClInclude Include="vendor\GLM\GLM\detail\type_mat3x3.inl">
      <Filter>vendor\GLM\GLM\detail</Filter>
    </ClInclude>
    <ClInclude Include="vendor\GLM\GLM\detail\type_mat3x4.hpp">
      <Filter>vendor\GLM\GLM\detail</Filter>
    </ClInclude>
    <ClInclude Include="vendor\GLM\GLM\detail\type_mat3x4.inl">
      <Filter>vendor\GLM\GLM\detail</Filter>
    </ClInclude>
    <ClInclude Include="vendor\GLM\GLM\detail\type_mat4x2.hpp">
      <Filter>vendor\GLM\GLM\detail</Filter>
    </ClInclude>
    <ClInclude Include="vendor\GLM\GLM\detail\type_mat4x2.inl">
      <Filter>vendor\GLM\GLM\detail</Filter>
    </ClInclude>
    <ClInclude Include="vendor\GLM\GLM\detail\type_mat4x3.hpp">
      <Filter>vendor\GLM\GLM\detail</Filter>
    </ClInclude>
    <ClInclude Include="vendor\GLM\GLM\detail\type_mat4x3.inl">
      <Filter>vendor\GLM\GLM\detail</Filter>
    </ClInclude>
    <ClInclude Include="vendor\GLM\GLM\detail\type_mat4x4.hpp">
      <Filter>vendor\GLM\GLM\detail</Filter>
    </ClInclude>
    <ClInclude Include="vendor\GLM\GLM\detail\type_mat4x4.inl">
      <Filter>vendor\GLM\GLM\detail</Filter>
    </ClInclude>
    <ClInclude Include="vendor\GLM\GLM\detail\type_mat4x4_simd.inl">
      <Filter>vendor\GLM\GLM\detail</Filter>
    </ClInclude>
    <ClInclude Include="vendor\GLM\GLM\detail\type_vec.hpp">
      <Filter>vendor\GLM\GLM\detail</Filter>
    </ClInclude>
    <ClInclude Include="vendor\GLM\GLM\detail\type_vec.inl">
      <Filter>vendor\GLM\GLM\detail</Filter>
    </ClInclude>
    <ClInclude Include="vendor\GLM\GLM\detail\type_vec1.hpp">
      <Filter>vendor\GLM\GLM\detail</Filter>
    </ClInclude>
    <ClInclude Include="vendor\GLM\GLM\detail\type_vec1.inl">
      <Filter>vendor\GLM\GLM\detail</Filter>
    </ClInclude>
    <ClInclude Include="vendor\GLM\GLM\detail\type_vec2.hpp">
      <Filter>vendor\GLM\GLM\detail</Filter>
    </ClInclude>
    <ClInclude Include="vendor\GLM\GLM\detail\type_vec2.inl">
      <Filter>vendor\GLM\GLM\detail</Filter>
    </ClInclude>
    <ClInclude Include="vendor\GLM\GLM\detail\type_vec3.hpp">
      <Filter>vendor\GLM\GLM\detail</Filter>
    </ClInclude>
    <ClInclude Include="vendor\GLM\GLM\detail\type_vec3.inl">
      <Filter>vendor\GLM\GLM\detail</Filter>
    </ClInclude>
    <ClInclude Include="vendor\GLM\GLM\detail\type_vec4.hpp">
      <Filter>vendor\GLM\GLM\detail</Filter>
    </ClInclude>
    <ClInclude Include="vendor\GLM\GLM\detail\type_vec4.inl">
      <Filter>vendor\GLM\GLM\detail</Filter>
    </ClInclude>
    <ClInclude Include="vendor\GLM\GLM\detail\type_vec4_simd.inl">
      <Filter>vendor\GLM\GLM\detail</Filter>
    </ClInclude>
    <ClInclude Include="vendor\GLM\GLM\exponential.hpp">
      <Filter>vendor\GLM\GLM</Filter>
    </ClInclude>
    <ClInclude Include="vendor\GLM\GLM\ext.hpp">
      <Filter>vendor\GLM\GLM</Filter>
    </ClInclude>
    <ClInclude Include="vendor\GLM\GLM\ext\vec1.hpp">
      <Filter>vendor\GLM\GLM\ext</Filter>
    </ClInclude>
    <ClInclude Include="vendor\GLM\GLM\ext\vec1.inl">
      <Filter>vendor\GLM\GLM\ext</Filter>
    </ClInclude>
    <ClInclude Include="vendor\GLM\GLM\ext\vector_relational.hpp">
      <Filter>vendor\GLM\GLM\ext</Filter>
    </ClInclude>
    <ClInclude Include="vendor\GLM\GLM\ext\vector_relational.inl">
      <Filter>vendor\GLM\GLM\ext</Filter>
    </ClInclude>
    <ClInclude Include="vendor\GLM\GLM\fwd.hpp">
      <Filter>vendor\GLM\GLM</Filter>
    </ClInclude>
    <ClInclude Include="vendor\GLM\GLM\geometric.hpp">
      <Filter>vendor\GLM\GLM</Filter>
    </ClInclude>
    <ClInclude Include="vendor\GLM\GLM\glm.hpp">
      <Filter>vendor\GLM\GLM</Filter>
    </ClInclude>
    <ClInclude Include="vendor\GLM\GLM\gtc\bitfield.hpp">
      <Filter>vendor\GLM\GLM\gtc</Filter>
    </ClInclude>
    <ClInclude Include="vendor\GLM\GLM\gtc\bitfield.inl">
      <Filter>vendor\GLM\GLM\gtc</Filter>
    </ClInclude>
    <ClInclude Include="vendor\GLM\GLM\gtc\color_space.hpp">
      <Filter>vendor\GLM\GLM\gtc</Filter>
    </ClInclude>
    <ClInclude Include="vendor\GLM\GLM\gtc\color_space.inl">
      <Filter>vendor\GLM\GLM\gtc</Filter>
    </ClInclude>
    <ClInclude Include="vendor\GLM\GLM\gtc\constants.hpp">
      <Filter>vendor\GLM\GLM\gtc</Filter>
    </ClInclude>
    <ClInclude Include="vendor\GLM\GLM\gtc\constants.inl">
      <Filter>vendor\GLM\GLM\gtc</Filter>
    </ClInclude>
    <ClInclude Include="vendor\GLM\GLM\gtc\epsilon.hpp">
      <Filter>vendor\GLM\GLM\gtc</Filter>
    </ClInclude>
    <ClInclude Include="vendor\GLM\GLM\gtc\epsilon.inl">
      <Filter>vendor\GLM\GLM\gtc</Filter>
    </ClInclude>
    <ClInclude Include="vendor\GLM\GLM\gtc\integer.hpp">
      <Filter>vendor\GLM\GLM\gtc</Filter>
    </ClInclude>
    <ClInclude Include="vendor\GLM\GLM\gtc\integer.inl">
      <Filter>vendor\GLM\GLM\gtc</Filter>
    </ClInclude>
    <ClInclude Include="vendor\GLM\GLM\gtc\matrix_access.hpp">
      <Filter>vendor\GLM\GLM\gtc</Filter>
    </ClInclude>
    <ClInclude Include="vendor\GLM\GLM\gtc\matrix_access.inl">
      <Filter>vendor\GLM\GLM\gtc</Filter>
    </ClInclude>
    <ClInclude Include="vendor\GLM\GLM\gtc\matrix_integer.hpp">
      <Filter>vendor\GLM\GLM\gtc</Filter>
    </ClInclude>
    <ClInclude Include="vendor\GLM\GLM\gtc\matrix_inverse.hpp">
      <Filter>vendor\GLM\GLM\gtc</Filter>
    </ClInclude>
    <ClInclude Include="vendor\GLM\GLM\gtc\matrix_inverse.inl">
      <Filter>vendor\GLM\GLM\gtc</Filter>
    </ClInclude>
    <ClInclude Include="vendor\GLM\GLM\gtc\matrix_transform.hpp">
      <Filter>vendor\GLM\GLM\gtc</Filter>
    </ClInclude>
    <ClInclude Include="vendor\GLM\GLM\gtc\matrix_transform.inl">
      <Filter>vendor\GLM\GLM\gtc</Filter>
    </ClInclude>
    <ClInclude Include="vendor\GLM\GLM\gtc\noise.hpp">
      <Filter>vendor\GLM\GLM\gtc</Filter>
    </ClInclude>
    <ClInclude Include="vendor\GLM\GLM\gtc\noise.inl">
      <Filter>vendor\GLM\GLM\gtc</Filter>
    </ClInclude>
    <ClInclude Include="vendor\GLM\GLM\gtc\packing.hpp">
      <Filter>vendor\GLM\GLM\gtc</Filter>
    </ClInclude>
    <ClInclude Include="vendor\GLM\GLM\gtc\packing.inl">
      <Filter>vendor\GLM\GLM\gtc</Filter>
    </ClInclude>
    <ClInclude Include="vendor\GLM\GLM\gtc\quaternion.hpp">
      <Filter>vendor\GLM\GLM\gtc</Filter>
    </ClInclude>
    <ClInclude Include="vendor\GLM\GLM\gtc\quaternion.inl">
      <Filter>vendor\GLM\GLM\gtc</Filter>
    </ClInclude>
    <ClInclude Include="vendor\GLM\GLM\gtc\quaternion_simd.inl">
      <Filter>vendor\GLM\GLM\gtc</Filter>
    </ClInclude>
    <ClInclude Include="vendor\GLM\GLM\gtc\random.hpp">
      <Filter>vendor\GLM\GLM\gtc</Filter>
    </ClInclude>
    <ClInclude Include="vendor\GLM\GLM\gtc\random.inl">
      <Filter>vendor\GLM\GLM\gtc</Filter>
    </ClInclude>
    <ClInclude Include="vendor\GLM\GLM\gtc\reciprocal.hpp">
      <Filter>vendor\GLM\GLM\gtc</Filter>
    </ClInclude>
    <ClInclude Include="vendor\GLM\GLM\gtc\reciprocal.inl">
      <Filter>vendor\GLM\GLM\gtc</Filter>
    </ClInclude>
    <ClInclude Include="vendor\GLM\GLM\gtc\round.hpp">
      <Filter>vendor\GLM\GLM\gtc</Filter>
    </ClInclude>
    <ClInclude Include="vendor\GLM\GLM\gtc\round.inl">
      <Filter>vendor\GLM\GLM\gtc</Filter>
    </ClInclude>
    <ClInclude Include="vendor\GLM\GLM\gtc\type_aligned.hpp">
      <Filter>vendor\GLM\GLM\gtc</Filter>
    </ClInclude>
    <ClInclude Include="vendor\GLM\GLM\gtc\type_precision.hpp">
      <Filter>vendor\GLM\GLM\gtc</Filter>
    </ClInclude>
    <ClInclude Include="vendor\GLM\GLM\gtc\type_precision.inl">
      <Filter>vendor\GLM\GLM\gtc</Filter>
    </ClInclude>
    <ClInclude Include="vendor\GLM\GLM\gtc\type_ptr.hpp">
      <Filter>vendor\GLM\GLM\gtc</Filter>
    </ClInclude>
    <ClInclude Include="vendor\GLM\GLM\gtc\type_ptr.inl">
      <Filter>vendor\GLM\GLM\gtc</Filter>
    </ClInclude>
    <ClInclude Include="vendor\GLM\GLM\gtc\ulp.hpp">
      <Filter>vendor\GLM\GLM\gtc</Filter>
    </ClInclude>
    <ClInclude Include="vendor\GLM\GLM\gtc\ulp.inl">
      <Filter>vendor\GLM\GLM\gtc</Filter>
    </ClInclude>
    <ClInclude Include="vendor\GLM\GLM\gtc\vec1.hpp">
      <Filter>vendor\GLM\GLM\gtc</Filter>
    </ClInclude>
    <ClInclude Include="vendor\GLM\GLM\gtc\vec1.inl">
      <Filter>vendor\GLM\GLM\gtc</Filter>
    </ClInclude>
    <ClInclude Include="vendor\GLM\GLM\gtx\associated_min_max.hpp">
      <Filter>vendor\GLM\GLM\gtx</Filter>
    </ClInclude>
    <ClInclude Include="vendor\GLM\GLM\gtx\associated_min_max.inl">
      <Filter>vendor\GLM\GLM\gtx</Filter>
    </ClInclude>
    <ClInclude Include="vendor\GLM\GLM\gtx\bit.hpp">
      <Filter>vendor\GLM\GLM\gtx</Filter>
    </ClInclude>
    <ClInclude Include="vendor\GLM\GLM\gtx\bit.inl">
      <Filter>vendor\GLM\GLM\gtx</Filter>
    </ClInclude>
    <ClInclude Include="vendor\GLM\GLM\gtx\closest_point.hpp">
      <Filter>vendor\GLM\GLM\gtx</Filter>
    </ClInclude>
    <ClInclude Include="vendor\GLM\GLM\gtx\closest_point.inl">
      <Filter>vendor\GLM\GLM\gtx</Filter>
    </ClInclude>
    <ClInclude Include="vendor\GLM\GLM\gtx\color_encoding.hpp">
      <Filter>vendor\GLM\GLM\gtx</Filter>
    </ClInclude>
    <ClInclude Include="vendor\GLM\GLM\gtx\color_encoding.inl">
      <Filter>vendor\GLM\GLM\gtx</Filter>
    </ClInclude>
    <ClInclude Include="vendor\GLM\GLM\gtx\color_space.hpp">
      <Filter>vendor\GLM\GLM\gtx</Filter>
    </ClInclude>
    <ClInclude Include="vendor\GLM\GLM\gtx\color_space.inl">
      <Filter>vendor\GLM\GLM\gtx</Filter>
    </ClInclude>
    <ClInclude Include="vendor\GLM\GLM\gtx\color_space_YCoCg.hpp">
      <Filter>vendor\GLM\GLM\gtx</Filter>
    </ClInclude>
    <ClInclude Include="vendor\GLM\GLM\gtx\color_space_YCoCg.inl">
      <Filter>vendor\GLM\GLM\gtx</Filter>
    </ClInclude>
    <ClInclude Include="vendor\GLM\GLM\gtx\common.hpp">
      <Filter>vendor\GLM\GLM\gtx</Filter>
    </ClInclude>
    <ClInclude Include="vendor\GLM\GLM\gtx\common.inl">
      <Filter>vendor\GLM\GLM\gtx</Filter>
    </ClInclude>
    <ClInclude Include="vendor\GLM\GLM\gtx\compatibility.hpp">
      <Filter>vendor\GLM\GLM\gtx</Filter>
    </ClInclude>
    <ClInclude Include="vendor\GLM\GLM\gtx\compatibility.inl">
      <Filter>vendor\GLM\GLM\gtx</Filter>
    </ClInclude>
    <ClInclude Include="vendor\GLM\GLM\gtx\component_wise.hpp">
      <Filter>vendor\GLM\GLM\gtx</Filter>
    </ClInclude>
    <ClInclude Include="vendor\GLM\GLM\gtx\component_wise.inl">
      <Filter>vendor\GLM\GLM\gtx</Filter>
    </ClInclude>
    <ClInclude Include="vendor\GLM\GLM\gtx\dual_quaternion.hpp">
      <Filter>vendor\GLM\GLM\gtx</Filter>
    </ClInclude>
    <ClInclude Include="vendor\GLM\GLM\gtx\dual_quaternion.inl">
      <Filter>vendor\GLM\GLM\gtx</Filter>
    </ClInclude>
    <ClInclude Include="vendor\GLM\GLM\gtx\easing.hpp">
      <Filter>vendor\GLM\GLM\gtx</Filter>
    </ClInclude>
    <ClInclude Include="vendor\GLM\GLM\gtx\easing.inl">
      <Filter>vendor\GLM\GLM\gtx</Filter>
    </ClInclude>
    <ClInclude Include="vendor\GLM\GLM\gtx\euler_angles.hpp">
      <Filter>vendor\GLM\GLM\gtx</Filter>
    </ClInclude>
    <ClInclude Include="vendor\GLM\GLM\gtx\euler_angles.inl">
      <Filter>vendor\GLM\GLM\gtx</Filter>
    </ClInclude>
    <ClInclude Include="vendor\GLM\GLM\gtx\extend.hpp">
      <Filter>vendor\GLM\GLM\gtx</Filter>
    </ClInclude>
    <ClInclude Include="vendor\GLM\GLM\gtx\extend.inl">
      <Filter>vendor\GLM\GLM\gtx</Filter>
    </ClInclude>
    <ClInclude Include="vendor\GLM\GLM\gtx\extended_min_max.hpp">
      <Filter>vendor\GLM\GLM\gtx</Filter>
    </ClInclude>
    <ClInclude Include="vendor\GLM\GLM\gtx\extended_min_max.inl">
      <Filter>vendor\GLM\GLM\gtx</Filter>
    </ClInclude>
    <ClInclude Include="vendor\GLM\GLM\gtx\exterior_product.hpp">
      <Filter>vendor\GLM\GLM\gtx</Filter>
    </ClInclude>
    <ClInclude Include="vendor\GLM\GLM\gtx\exterior_product.inl">
      <Filter>vendor\GLM\GLM\gtx</Filter>
    </ClInclude>
    <ClInclude Include="vendor\GLM\GLM\gtx\fast_exponential.hpp">
      <Filter>vendor\GLM\GLM\gtx</Filter>
    </ClInclude>
    <ClInclude Include="vendor\GLM\GLM\gtx\fast_exponential.inl">
      <Filter>vendor\GLM\GLM\gtx</Filter>
    </ClInclude>
    <ClInclude Include="vendor\GLM\GLM\gtx\fast_square_root.hpp">
      <Filter>vendor\GLM\GLM\gtx</Filter>
    </ClInclude>
    <ClInclude Include="vendor\GLM\GLM\gtx\fast_square_root.inl">
      <Filter>vendor\GLM\GLM\gtx</Filter>
    </ClInclude>
    <ClInclude Include="vendor\GLM\GLM\gtx\fast_trigonometry.hpp">
      <Filter>vendor\GLM\GLM\gtx</Filter>
    </ClInclude>
    <ClInclude Include="vendor\GLM\GLM\gtx\fast_trigonometry.inl">
      <Filter>vendor\GLM\GLM\gtx</Filter>
    </ClInclude>
    <ClInclude Include="vendor\GLM\GLM\gtx\float_notmalize.inl">
      <Filter>vendor\GLM\GLM\gtx</Filter>
    </ClInclude>
    <ClInclude Include="vendor\GLM\GLM\gtx\functions.hpp">
      <Filter>vendor\GLM\GLM\gtx</Filter>
    </ClInclude>
    <ClInclude Include="vendor\GLM\GLM\gtx\functions.inl">
      <Filter>vendor\GLM\GLM\gtx</Filter>
    </ClInclude>
    <ClInclude Include="vendor\GLM\GLM\gtx\gradient_paint.hpp">
      <Filter>vendor\GLM\GLM\gtx</Filter>
    </ClInclude>
    <ClInclude Include="vendor\GLM\GLM\gtx\gradient_paint.inl">
      <Filter>vendor\GLM\GLM\gtx</Filter>
    </ClInclude>
    <ClInclude Include="vendor\GLM\GLM\gtx\handed_coordinate_space.hpp">
      <Filter>vendor\GLM\GLM\gtx</Filter>
    </ClInclude>
    <ClInclude Include="vendor\GLM\GLM\gtx\handed_coordinate_space.inl">
      <Filter>vendor\GLM\GLM\gtx</Filter>
    </ClInclude>
    <ClInclude Include="vendor\GLM\GLM\gtx\hash.hpp">
      <Filter>vendor\GLM\GLM\gtx</Filter>
    </ClInclude>
    <ClInclude Include="vendor\GLM\GLM\gtx\hash.inl">
      <Filter>vendor\GLM\GLM\gtx</Filter>
    </ClInclude>
    <ClInclude Include="vendor\GLM\GLM\gtx\integer.hpp">
      <Filter>vendor\GLM\GLM\gtx</Filter>
    </ClInclude>
    <ClInclude Include="vendor\GLM\GLM\gtx\integer.inl">
      <Filter>vendor\GLM\GLM\gtx</Filter>
    </ClInclude>
    <ClInclude Include="vendor\GLM\GLM\gtx\intersect.hpp">
      <Filter>vendor\GLM\GLM\gtx</Filter>
    </ClInclude>
    <ClInclude Include="vendor\GLM\GLM\gtx\intersect.inl">
      <Filter>vendor\GLM\GLM\gtx</Filter>
    </ClInclude>
    <ClInclude Include="vendor\GLM\GLM\gtx\io.hpp">
      <Filter>vendor\GLM\GLM\gtx</Filter>
    </ClInclude>
    <ClInclude Include="vendor\GLM\GLM\gtx\io.inl">
      <Filter>vendor\GLM\GLM\gtx</Filter>
    </ClInclude>
    <ClInclude Include="vendor\GLM\GLM\gtx\log_base.hpp">
      <Filter>vendor\GLM\GLM\gtx</Filter>
    </ClInclude>
    <ClInclude Include="vendor\GLM\GLM\gtx\log_base.inl">
      <Filter>vendor\GLM\GLM\gtx</Filter>
    </ClInclude>
    <ClInclude Include="vendor\GLM\GLM\gtx\matrix_cross_product.hpp">
      <Filter>vendor\GLM\GLM\gtx</Filter>
    </ClInclude>
    <ClInclude Include="vendor\GLM\GLM\gtx\matrix_cross_product.inl">
      <Filter>vendor\GLM\GLM\gtx</Filter>
    </ClInclude>
    <ClInclude Include="vendor\GLM\GLM\gtx\matrix_decompose.hpp">
      <Filter>vendor\GLM\GLM\gtx</Filter>
    </ClInclude>
    <ClInclude Include="vendor\GLM\GLM\gtx\matrix_decompose.inl">
      <Filter>vendor\GLM\GLM\gtx</Filter>
    </ClInclude>
    <ClInclude Include="vendor\GLM\GLM\gtx\matrix_factorisation.hpp">
      <Filter>vendor\GLM\GLM\gtx</Filter>
    </ClInclude>
    <ClInclude Include="vendor\GLM\GLM\gtx\matrix_factorisation.inl">
      <Filter>vendor\GLM\GLM\gtx</Filter>
    </ClInclude>
    <ClInclude Include="vendor\GLM\GLM\gtx\matrix_interpolation.hpp">
      <Filter>vendor\GLM\GLM\gtx</Filter>
    </ClInclude>
    <ClInclude Include="vendor\GLM\GLM\gtx\matrix_interpolation.inl">
      <Filter>vendor\GLM\GLM\gtx</Filter>
    </ClInclude>
    <ClInclude Include="vendor\GLM\GLM\gtx\matrix_major_storage.hpp">
      <Filter>vendor\GLM\GLM\gtx</Filter>
    </ClInclude>
    <ClInclude Include="vendor\GLM\GLM\gtx\matrix_major_storage.inl">
      <Filter>vendor\GLM\GLM\gtx</Filter>
    </ClInclude>
    <ClInclude Include="vendor\GLM\GLM\gtx\matrix_operation.hpp">
      <Filter>vendor\GLM\GLM\gtx</Filter>
    </ClInclude>
    <ClInclude Include="vendor\GLM\GLM\gtx\matrix_operation.inl">
      <Filter>vendor\GLM\GLM\gtx</Filter>
    </ClInclude>
    <ClInclude Include="vendor\GLM\GLM\gtx\matrix_query.hpp">
      <Filter>vendor\GLM\GLM\gtx</Filter>
    </ClInclude>
    <ClInclude Include="vendor\GLM\GLM\gtx\matrix_query.inl">
      <Filter>vendor\GLM\GLM\gtx</Filter>
    </ClInclude>
    <ClInclude Include="vendor\GLM\GLM\gtx\matrix_transform_2d.hpp">
      <Filter>vendor\GLM\GLM\gtx</Filter>
    </ClInclude>
    <ClInclude Include="vendor\GLM\GLM\gtx\matrix_transform_2d.inl">
      <Filter>vendor\GLM\GLM\gtx</Filter>
    </ClInclude>
    <ClInclude Include="vendor\GLM\GLM\gtx\mixed_product.hpp">
      <Filter>vendor\GLM\GLM\gtx</Filter>
    </ClInclude>
    <ClInclude Include="vendor\GLM\GLM\gtx\mixed_product.inl">
      <Filter>vendor\GLM\GLM\gtx</Filter>
    </ClInclude>
    <ClInclude Include="vendor\GLM\GLM\gtx\norm.hpp">
      <Filter>vendor\GLM\GLM\gtx</Filter>
    </ClInclude>
    <ClInclude Include="vendor\GLM\GLM\gtx\norm.inl">
      <Filter>vendor\GLM\GLM\gtx</Filter>
    </ClInclude>
    <ClInclude Include="vendor\GLM\GLM\gtx\normal.hpp">
      <Filter>vendor\GLM\GLM\gtx</Filter>
    </ClInclude>
    <ClInclude Include="vendor\GLM\GLM\gtx\normal.inl">
      <Filter>vendor\GLM\GLM\gtx</Filter>
    </ClInclude>
    <ClInclude Include="vendor\GLM\GLM\gtx\normalize_dot.hpp">
      <Filter>vendor\GLM\GLM\gtx</Filter>
    </ClInclude>
    <ClInclude Include="vendor\GLM\GLM\gtx\normalize_dot.inl">
      <Filter>vendor\GLM\GLM\gtx</Filter>
    </ClInclude>
    <ClInclude Include="vendor\GLM\GLM\gtx\number_precision.hpp">
      <Filter>vendor\GLM\GLM\gtx</Filter>
    </ClInclude>
    <ClInclude Include="vendor\GLM\GLM\gtx\number_precision.inl">
      <Filter>vendor\GLM\GLM\gtx</Filter>
    </ClInclude>
    <ClInclude Include="vendor\GLM\GLM\gtx\optimum_pow.hpp">
      <Filter>vendor\GLM\GLM\gtx</Filter>
    </ClInclude>
    <ClInclude Include="vendor\GLM\GLM\gtx\optimum_pow.inl">
      <Filter>vendor\GLM\GLM\gtx</Filter>
    </ClInclude>
    <ClInclude Include="vendor\GLM\GLM\gtx\orthonormalize.hpp">
      <Filter>vendor\GLM\GLM\gtx</Filter>
    </ClInclude>
    <ClInclude Include="vendor\GLM\GLM\gtx\orthonormalize.inl">
      <Filter>vendor\GLM\GLM\gtx</Filter>
    </ClInclude>
    <ClInclude Include="vendor\GLM\GLM\gtx\perpendicular.hpp">
      <Filter>vendor\GLM\GLM\gtx</Filter>
    </ClInclude>
    <ClInclude Include="vendor\GLM\GLM\gtx\perpendicular.inl">
      <Filter>vendor\GLM\GLM\gtx</Filter>
    </ClInclude>
    <ClInclude Include="vendor\GLM\GLM\gtx\polar_coordinates.hpp">
      <Filter>vendor\GLM\GLM\gtx</Filter>
    </ClInclude>
    <ClInclude Include="vendor\GLM\GLM\gtx\polar_coordinates.inl">
      <Filter>vendor\GLM\GLM\gtx</Filter>
    </ClInclude>
    <ClInclude Include="vendor\GLM\GLM\gtx\projection.hpp">
      <Filter>vendor\GLM\GLM\gtx</Filter>
    </ClInclude>
    <ClInclude Include="vendor\GLM\GLM\gtx\projection.inl">
      <Filter>vendor\GLM\GLM\gtx</Filter>
    </ClInclude>
    <ClInclude Include="vendor\GLM\GLM\gtx\quaternion.hpp">
      <Filter>vendor\GLM\GLM\gtx</Filter>
    </ClInclude>
    <ClInclude Include="vendor\GLM\GLM\gtx\quaternion.inl">
      <Filter>vendor\GLM\GLM\gtx</Filter>
    </ClInclude>
    <ClInclude Include="vendor\GLM\GLM\gtx\range.hpp">
      <Filter>vendor\GLM\GLM\gtx</Filter>
    </ClInclude>
    <ClInclude Include="vendor\GLM\GLM\gtx\raw_data.hpp">
      <Filter>vendor\GLM\GLM\gtx</Filter>
    </ClInclude>
    <ClInclude Include="vendor\GLM\GLM\gtx\raw_data.inl">
      <Filter>vendor\GLM\GLM\gtx</Filter>
    </ClInclude>
    <ClInclude Include="vendor\GLM\GLM\gtx\rotate_normalized_axis.hpp">
      <Filter>vendor\GLM\GLM\gtx</Filter>
    </ClInclude>
    <ClInclude Include="vendor\GLM\GLM\gtx\rotate_normalized_axis.inl">
      <Filter>vendor\GLM\GLM\gtx</Filter>
    </ClInclude>
    <ClInclude Include="vendor\GLM\GLM\gtx\rotate_vector.hpp">
      <Filter>vendor\GLM\GLM\gtx</Filter>
    </ClInclude>
    <ClInclude Include="vendor\GLM\GLM\gtx\rotate_vector.inl">
      <Filter>vendor\GLM\GLM\gtx</Filter>
    </ClInclude>
    <ClInclude Include="vendor\GLM\GLM\gtx\scalar_multiplication.hpp">
      <Filter>vendor\GLM\GLM\gtx</Filter>
    </ClInclude>
    <ClInclude Include="vendor\GLM\GLM\gtx\scalar_relational.hpp">
      <Filter>vendor\GLM\GLM\gtx</Filter>
    </ClInclude>
    <ClInclude Include="vendor\GLM\GLM\gtx\scalar_relational.inl">
      <Filter>vendor\GLM\GLM\gtx</Filter>
    </ClInclude>
    <ClInclude Include="vendor\GLM\GLM\gtx\spline.hpp">
      <Filter>vendor\GLM\GLM\gtx</Filter>
    </ClInclude>
    <ClInclude Include="vendor\GLM\GLM\gtx\spline.inl">
      <Filter>vendor\GLM\GLM\gtx</Filter>
    </ClInclude>
    <ClInclude Include="vendor\GLM\GLM\gtx\std_based_type.hpp">
      <Filter>vendor\GLM\GLM\gtx</Filter>
    </ClInclude>
    <ClInclude Include="vendor\GLM\GLM\gtx\std_based_type.inl">
      <Filter>vendor\GLM\GLM\gtx</Filter>
    </ClInclude>
    <ClInclude Include="vendor\GLM\GLM\gtx\string_cast.hpp">
      <Filter>vendor\GLM\GLM\gtx</Filter>
    </ClInclude>
    <ClInclude Include="vendor\GLM\GLM\gtx\string_cast.inl">
      <Filter>vendor\GLM\GLM\gtx</Filter>
    </ClInclude>
    <ClInclude Include="vendor\GLM\GLM\gtx\texture.hpp">
      <Filter>vendor\GLM\GLM\gtx</Filter>
    </ClInclude>
    <ClInclude Include="vendor\GLM\GLM\gtx\texture.inl">
      <Filter>vendor\GLM\GLM\gtx</Filter>
    </ClInclude>
    <ClInclude Include="vendor\GLM\GLM\gtx\transform.hpp">
      <Filter>vendor\GLM\GLM\gtx</Filter>
    </ClInclude>
    <ClInclude Include="vendor\GLM\GLM\gtx\transform.inl">
      <Filter>vendor\GLM\GLM\gtx</Filter>
    </ClInclude>
    <ClInclude Include="vendor\GLM\GLM\gtx\transform2.hpp">
      <Filter>vendor\GLM\GLM\gtx</Filter>
    </ClInclude>
    <ClInclude Include="vendor\GLM\GLM\gtx\transform2.inl">
      <Filter>vendor\GLM\GLM\gtx</Filter>
    </ClInclude>
    <ClInclude Include="vendor\GLM\GLM\gtx\type_aligned.hpp">
      <Filter>vendor\GLM\GLM\gtx</Filter>
    </ClInclude>
    <ClInclude Include="vendor\GLM\GLM\gtx\type_aligned.inl">
      <Filter>vendor\GLM\GLM\gtx</Filter>
    </ClInclude>
    <ClInclude Include="vendor\GLM\GLM\gtx\type_trait.hpp">
      <Filter>vendor\GLM\GLM\gtx</Filter>
    </ClInclude>
    <ClInclude Include="vendor\GLM\GLM\gtx\type_trait.inl">
      <Filter>vendor\GLM\GLM\gtx</Filter>
    </ClInclude>
    <ClInclude Include="vendor\GLM\GLM\gtx\vec_swizzle.hpp">
      <Filter>vendor\GLM\GLM\gtx</Filter>
    </ClInclude>
    <ClInclude Include="vendor\GLM\GLM\gtx\vector_angle.hpp">
      <Filter>vendor\GLM\GLM\gtx</Filter>
    </ClInclude>
    <ClInclude Include="vendor\GLM\GLM\gtx\vector_angle.inl">
      <Filter>vendor\GLM\GLM\gtx</Filter>
    </ClInclude>
    <ClInclude Include="vendor\GLM\GLM\gtx\vector_query.hpp">
      <Filter>vendor\GLM\GLM\gtx</Filter>
    </ClInclude>
    <ClInclude Include="vendor\GLM\GLM\gtx\vector_query.inl">
      <Filter>vendor\GLM\GLM\gtx</Filter>
    </ClInclude>
    <ClInclude Include="vendor\GLM\GLM\gtx\wrap.hpp">
      <Filter>vendor\GLM\GLM\gtx</Filter>
    </ClInclude>
    <ClInclude Include="vendor\GLM\GLM\gtx\wrap.inl">
      <Filter>vendor\GLM\GLM\gtx</Filter>
    </ClInclude>
    <ClInclude Include="vendor\GLM\GLM\integer.hpp">
      <Filter>vendor\GLM\GLM</Filter>
    </ClInclude>
    <ClInclude Include="vendor\GLM\GLM\mat2x2.hpp">
      <Filter>vendor\GLM\GLM</Filter>
    </ClInclude>
    <ClInclude Include="vendor\GLM\GLM\mat2x3.hpp">
      <Filter>vendor\GLM\GLM</Filter>
    </ClInclude>
    <ClInclude Include="vendor\GLM\GLM\mat2x4.hpp">
      <Filter>vendor\GLM\GLM</Filter>
    </ClInclude>
    <ClInclude Include="vendor\GLM\GLM\mat3x2.hpp">
      <Filter>vendor\GLM\GLM</Filter>
    </ClInclude>
    <ClInclude Include="vendor\GLM\GLM\mat3x3.hpp">
      <Filter>vendor\GLM\GLM</Filter>
    </ClInclude>
    <ClInclude Include="vendor\GLM\GLM\mat3x4.hpp">
      <Filter>vendor\GLM\GLM</Filter>
    </ClInclude>
    <ClInclude Include="vendor\GLM\GLM\mat4x2.hpp">
      <Filter>vendor\GLM\GLM</Filter>
    </ClInclude>
    <ClInclude Include="vendor\GLM\GLM\mat4x3.hpp">
      <Filter>vendor\GLM\GLM</Filter>
    </ClInclude>
    <ClInclude Include="vendor\GLM\GLM\mat4x4.hpp">
      <Filter>vendor\GLM\GLM</Filter>
    </ClInclude>
    <ClInclude Include="vendor\GLM\GLM\matrix.hpp">
      <Filter>vendor\GLM\GLM</Filter>
    </ClInclude>
    <ClInclude Include="vendor\GLM\GLM\packing.hpp">
      <Filter>vendor\GLM\GLM</Filter>
    </ClInclude>
    <ClInclude Include="vendor\GLM\GLM\trigonometric.hpp">
      <Filter>vendor\GLM\GLM</Filter>
    </ClInclude>
    <ClInclude Include="vendor\GLM\GLM\vec2.hpp">
      <Filter>vendor\GLM\GLM</Filter>
    </ClInclude>
    <ClInclude Include="vendor\GLM\GLM\vec3.hpp">
      <Filter>vendor\GLM\GLM</Filter>
    </ClInclude>
    <ClInclude Include="vendor\GLM\GLM\vec4.hpp">
      <Filter>vendor\GLM\GLM</Filter>
    </ClInclude>
    <ClInclude Include="vendor\GLM\GLM\vector_relational.hpp">
      <Filter>vendor\GLM\GLM</Filter>
    </ClInclude>
    <ClInclude Include="src\Koko\Layer\UILayer.h" />
    <ClInclude Include="src\Koko\KeyCodes.h" />
    <ClInclude Include="src\Koko\MouseButtonCodes.h" />
    <ClInclude Include="src\Koko\EntryPoint.h" />
    <ClInclude Include="src\Platform\Windows\WindowsInput.h" />
    <ClInclude Include="src\Koko\Text\Character.h" />
    <ClInclude Include="src\Koko\Text\Line.h" />
    <ClInclude Include="src\Koko\Text\MetaFile.h" />
    <ClInclude Include="src\Koko\Text\TextLoader.h" />
    <ClInclude Include="src\Koko\Text\TextMeshCreator.h" />
    <ClInclude Include="src\Koko\Text\Word.h" />
    <ClInclude Include="src\Koko\Text.h" />
    <ClInclude Include="src\Koko\Utility\FontReader.h" />
    <ClInclude Include="src\Koko\Text\Font.h" />
  </ItemGroup>
  <ItemGroup>
    <ClCompile Include="src\Koko\Application.cpp">
      <Filter>src\Koko</Filter>
    </ClCompile>
    <ClCompile Include="src\Koko\Entity\EntityDirector.cpp">
      <Filter>src\Koko\Entity</Filter>
    </ClCompile>
    <ClCompile Include="src\Koko\Layer\LayerBuilder.cpp">
      <Filter>src\Koko\Layer</Filter>
    </ClCompile>
    <ClCompile Include="src\Koko\Layer\LayerDirector.cpp">
      <Filter>src\Koko\Layer</Filter>
    </ClCompile>
    <ClCompile Include="src\Koko\Mesh\IndexBuffer.cpp">
      <Filter>src\Koko\Mesh</Filter>
    </ClCompile>
    <ClCompile Include="src\Koko\Mesh\Mesh.cpp">
      <Filter>src\Koko\Mesh</Filter>
    </ClCompile>
    <ClCompile Include="src\Koko\Mesh\Texture.cpp">
      <Filter>src\Koko\Mesh</Filter>
    </ClCompile>
    <ClCompile Include="src\Koko\Mesh\VertexArray.cpp">
      <Filter>src\Koko\Mesh</Filter>
    </ClCompile>
    <ClCompile Include="src\Koko\Mesh\VertexBuffer.cpp">
      <Filter>src\Koko\Mesh</Filter>
    </ClCompile>
    <ClCompile Include="src\Koko\Renderer\Renderer.cpp">
      <Filter>src\Koko\Renderer</Filter>
    </ClCompile>
    <ClCompile Include="src\Koko\Shader\ShaderBase.cpp">
      <Filter>src\Koko\Shader</Filter>
    </ClCompile>
    <ClCompile Include="src\Koko\Shader\ShaderManager.cpp">
      <Filter>src\Koko\Shader</Filter>
    </ClCompile>
    <ClCompile Include="src\Koko\Shader\ShaderProgram.cpp">
      <Filter>src\Koko\Shader</Filter>
    </ClCompile>
    <ClCompile Include="src\Koko\UI\UIDropdown.cpp">
      <Filter>src\Koko\UI</Filter>
    </ClCompile>
    <ClCompile Include="src\Koko\UI\UIEntity.cpp">
      <Filter>src\Koko\UI</Filter>
    </ClCompile>
    <ClCompile Include="src\Koko\Utility\FileProgram.cpp">
      <Filter>src\Koko\Utility</Filter>
    </ClCompile>
    <ClCompile Include="src\Koko\Utility\Node.cpp">
      <Filter>src\Koko\Utility</Filter>
    </ClCompile>
    <ClCompile Include="src\Koko\Utility\XMLReader.cpp">
      <Filter>src\Koko\Utility</Filter>
    </ClCompile>
    <ClCompile Include="src\Platform\Windows\WindowsWindow.cpp">
      <Filter>src\Platform\Windows</Filter>
    </ClCompile>
    <ClCompile Include="src\kkpch.cpp">
      <Filter>src</Filter>
    </ClCompile>
    <ClCompile Include="src\Koko\Layer\UILayer.cpp" />
    <ClCompile Include="src\Platform\Windows\WindowsInput.cpp" />
    <ClCompile Include="src\Koko\Text\Line.cpp" />
    <ClCompile Include="src\Koko\Text\MetaFile.cpp" />
    <ClCompile Include="src\Koko\Text\TextLoader.cpp" />
    <ClCompile Include="src\Koko\Text\TextMeshCreator.cpp" />
    <ClCompile Include="src\Koko\Text\Word.cpp" />
    <ClCompile Include="src\Koko\Utility\FontReader.cpp" />
    <ClCompile Include="src\Koko\Text.cpp" />
    <ClCompile Include="src\Koko\Text\Font.cpp" />
  </ItemGroup>
</Project>